Microsoft Visual Studio Solution File, Format Version 12.00
# Visual Studio Version 17
VisualStudioVersion = 17.5.2.0
MinimumVisualStudioVersion = 10.0.40219.1
Project("{FAE04EC0-301F-11D3-BF4B-00C04F79EFBC}") = "TestApiDotNet", "TestApiDotNet\TestApiDotNet.csproj", "{1CA679D5-00D9-1D3A-D10C-E462039B895B}"
EndProject
Global
	GlobalSection(SolutionConfigurationPlatforms) = preSolution
		Debug|Any CPU = Debug|Any CPU
		Release|Any CPU = Release|Any CPU
	EndGlobalSection
	GlobalSection(ProjectConfigurationPlatforms) = postSolution
		{1CA679D5-00D9-1D3A-D10C-E462039B895B}.Debug|Any CPU.ActiveCfg = Debug|Any CPU
		{1CA679D5-00D9-1D3A-D10C-E462039B895B}.Debug|Any CPU.Build.0 = Debug|Any CPU
		{1CA679D5-00D9-1D3A-D10C-E462039B895B}.Release|Any CPU.ActiveCfg = Release|Any CPU
		{1CA679D5-00D9-1D3A-D10C-E462039B895B}.Release|Any CPU.Build.0 = Release|Any CPU
	EndGlobalSection
	GlobalSection(SolutionProperties) = preSolution
		HideSolutionNode = FALSE
	EndGlobalSection
	GlobalSection(ExtensibilityGlobals) = postSolution
		SolutionGuid = {D546CA35-82D7-4D01-AF52-5035E87520BA}
	EndGlobalSection
EndGlobal
